
Microsoft Visual Studio Solution File, Format Version 12.00
# Visual Studio Version 17
VisualStudioVersion = 17.14.36414.22 d17.14
MinimumVisualStudioVersion = 10.0.40219.1
Project("{FAE04EC0-301F-11D3-BF4B-00C04F79EFBC}") = "ArtifactoryBrowser", "ArtifactoryBrowser\ArtifactoryBrowser.csproj", "{A20D8721-2FD1-43CB-88F7-8A39A7077210}"
EndProject
Global
	GlobalSection(SolutionConfigurationPlatforms) = preSolution
		Debug|Any CPU = Debug|Any CPU
		Release|Any CPU = Release|Any CPU
	EndGlobalSection
	GlobalSection(ProjectConfigurationPlatforms) = postSolution
		{A20D8721-2FD1-43CB-88F7-8A39A7077210}.Debug|Any CPU.ActiveCfg = Debug|Any CPU
		{A20D8721-2FD1-43CB-88F7-8A39A7077210}.Debug|Any CPU.Build.0 = Debug|Any CPU
		{A20D8721-2FD1-43CB-88F7-8A39A7077210}.Release|Any CPU.ActiveCfg = Release|Any CPU
		{A20D8721-2FD1-43CB-88F7-8A39A7077210}.Release|Any CPU.Build.0 = Release|Any CPU
	EndGlobalSection
	GlobalSection(SolutionProperties) = preSolution
		HideSolutionNode = FALSE
	EndGlobalSection
	GlobalSection(ExtensibilityGlobals) = postSolution
		SolutionGuid = {C9B682DE-BBF6-4831-8342-C7398B3099C0}
	EndGlobalSection
EndGlobal
